
Microsoft Visual Studio Solution File, Format Version 12.00
# Visual Studio Version 17
VisualStudioVersion = 17.1.32319.34
MinimumVisualStudioVersion = 10.0.40219.1
Project("{FAE04EC0-301F-11D3-BF4B-00C04F79EFBC}") = "OpticStore", "AppointmentScheduler\OpticStore.csproj", "{94975D8C-A4A7-4D70-8B80-174DF1555328}"
EndProject
Project("{FAE04EC0-301F-11D3-BF4B-00C04F79EFBC}") = "OpticTesting", "OpticTesting\OpticTesting.csproj", "{D817DC8E-B9B0-460E-8EB1-1B36A4615C37}"
EndProject
Global
	GlobalSection(SolutionConfigurationPlatforms) = preSolution
		Debug|Any CPU = Debug|Any CPU
		Release|Any CPU = Release|Any CPU
	EndGlobalSection
	GlobalSection(ProjectConfigurationPlatforms) = postSolution
		{94975D8C-A4A7-4D70-8B80-174DF1555328}.Debug|Any CPU.ActiveCfg = Debug|Any CPU
		{94975D8C-A4A7-4D70-8B80-174DF1555328}.Debug|Any CPU.Build.0 = Debug|Any CPU
		{94975D8C-A4A7-4D70-8B80-174DF1555328}.Release|Any CPU.ActiveCfg = Release|Any CPU
		{94975D8C-A4A7-4D70-8B80-174DF1555328}.Release|Any CPU.Build.0 = Release|Any CPU
		{D817DC8E-B9B0-460E-8EB1-1B36A4615C37}.Debug|Any CPU.ActiveCfg = Debug|Any CPU
		{D817DC8E-B9B0-460E-8EB1-1B36A4615C37}.Debug|Any CPU.Build.0 = Debug|Any CPU
		{D817DC8E-B9B0-460E-8EB1-1B36A4615C37}.Release|Any CPU.ActiveCfg = Release|Any CPU
		{D817DC8E-B9B0-460E-8EB1-1B36A4615C37}.Release|Any CPU.Build.0 = Release|Any CPU
	EndGlobalSection
	GlobalSection(SolutionProperties) = preSolution
		HideSolutionNode = FALSE
	EndGlobalSection
	GlobalSection(ExtensibilityGlobals) = postSolution
		SolutionGuid = {957B91B9-B057-458A-ABE2-7EABD085560D}
	EndGlobalSection
EndGlobal
